
Microsoft Visual Studio Solution File, Format Version 12.00
# Visual Studio Version 17
VisualStudioVersion = 17.3.32901.215
MinimumVisualStudioVersion = 10.0.40219.1
Project("{8BC9CEB8-8B4A-11D0-8D11-00A0C91BC942}") = "lab_12_2", "lab_12_2\lab_12_2.vcxproj", "{73E55497-6857-4B82-AF5F-278249341F90}"
EndProject
Project("{8BC9CEB8-8B4A-11D0-8D11-00A0C91BC942}") = "UnitTest1", "UnitTest1\UnitTest1.vcxproj", "{258CEEA4-5FB4-4833-90B4-DE24E0403CDA}"
EndProject
Global
	GlobalSection(SolutionConfigurationPlatforms) = preSolution
		Debug|x64 = Debug|x64
		Debug|x86 = Debug|x86
		Release|x64 = Release|x64
		Release|x86 = Release|x86
	EndGlobalSection
	GlobalSection(ProjectConfigurationPlatforms) = postSolution
		{73E55497-6857-4B82-AF5F-278249341F90}.Debug|x64.ActiveCfg = Debug|x64
		{73E55497-6857-4B82-AF5F-278249341F90}.Debug|x64.Build.0 = Debug|x64
		{73E55497-6857-4B82-AF5F-278249341F90}.Debug|x86.ActiveCfg = Debug|Win32
		{73E55497-6857-4B82-AF5F-278249341F90}.Debug|x86.Build.0 = Debug|Win32
		{73E55497-6857-4B82-AF5F-278249341F90}.Release|x64.ActiveCfg = Release|x64
		{73E55497-6857-4B82-AF5F-278249341F90}.Release|x64.Build.0 = Release|x64
		{73E55497-6857-4B82-AF5F-278249341F90}.Release|x86.ActiveCfg = Release|Win32
		{73E55497-6857-4B82-AF5F-278249341F90}.Release|x86.Build.0 = Release|Win32
		{258CEEA4-5FB4-4833-90B4-DE24E0403CDA}.Debug|x64.ActiveCfg = Debug|x64
		{258CEEA4-5FB4-4833-90B4-DE24E0403CDA}.Debug|x64.Build.0 = Debug|x64
		{258CEEA4-5FB4-4833-90B4-DE24E0403CDA}.Debug|x86.ActiveCfg = Debug|Win32
		{258CEEA4-5FB4-4833-90B4-DE24E0403CDA}.Debug|x86.Build.0 = Debug|Win32
		{258CEEA4-5FB4-4833-90B4-DE24E0403CDA}.Release|x64.ActiveCfg = Release|x64
		{258CEEA4-5FB4-4833-90B4-DE24E0403CDA}.Release|x64.Build.0 = Release|x64
		{258CEEA4-5FB4-4833-90B4-DE24E0403CDA}.Release|x86.ActiveCfg = Release|Win32
		{258CEEA4-5FB4-4833-90B4-DE24E0403CDA}.Release|x86.Build.0 = Release|Win32
	EndGlobalSection
	GlobalSection(SolutionProperties) = preSolution
		HideSolutionNode = FALSE
	EndGlobalSection
	GlobalSection(ExtensibilityGlobals) = postSolution
		SolutionGuid = {DA04FB5B-D10C-4076-A08D-76D760058E43}
	EndGlobalSection
EndGlobal
